
Microsoft Visual Studio Solution File, Format Version 12.00
# Visual Studio 15
VisualStudioVersion = 15.0.27428.2015
MinimumVisualStudioVersion = 10.0.40219.1
Project("{9A19103F-16F7-4668-BE54-9A1E7A4F7556}") = "SampleSSO", "SampleSSO\SampleSSO.csproj", "{50E781D1-22B4-4C93-A981-22B3F878BB1B}"
EndProject
Global
	GlobalSection(SolutionConfigurationPlatforms) = preSolution
		Debug|Any CPU = Debug|Any CPU
		Release|Any CPU = Release|Any CPU
	EndGlobalSection
	GlobalSection(ProjectConfigurationPlatforms) = postSolution
		{50E781D1-22B4-4C93-A981-22B3F878BB1B}.Debug|Any CPU.ActiveCfg = Debug|Any CPU
		{50E781D1-22B4-4C93-A981-22B3F878BB1B}.Debug|Any CPU.Build.0 = Debug|Any CPU
		{50E781D1-22B4-4C93-A981-22B3F878BB1B}.Release|Any CPU.ActiveCfg = Release|Any CPU
		{50E781D1-22B4-4C93-A981-22B3F878BB1B}.Release|Any CPU.Build.0 = Release|Any CPU
	EndGlobalSection
	GlobalSection(SolutionProperties) = preSolution
		HideSolutionNode = FALSE
	EndGlobalSection
	GlobalSection(ExtensibilityGlobals) = postSolution
		SolutionGuid = {2E2853A4-1599-43EC-9DDC-A317BBEE8275}
	EndGlobalSection
EndGlobal
